# This file is automatically @generated by Poetry 2.2.1 and should not be changed by hand.

[[package]]
name = "argparse"
version = "1.4.0"
description = "Python command-line parsing library"
optional = false
python-versions = "*"
groups = ["main"]
files = [
    {file = "argparse-1.4.0-py2.py3-none-any.whl", hash = "sha256:c31647edb69fd3d465a847ea3157d37bed1f95f19760b11a47aa91c04b666314"},
    {file = "argparse-1.4.0.tar.gz", hash = "sha256:62b089a55be1d8949cd2bc7e0df0bddb9e028faefc8c32038cc84862aefdd6e4"},
]

[[package]]
name = "faker"
version = "40.1.0"
description = "Faker is a Python package that generates fake data for you."
optional = false
python-versions = ">=3.10"
groups = ["main"]
files = [
    {file = "faker-40.1.0-py3-none-any.whl", hash = "sha256:a616d35818e2a2387c297de80e2288083bc915e24b7e39d2fb5bc66cce3a929f"},
    {file = "faker-40.1.0.tar.gz", hash = "sha256:c402212a981a8a28615fea9120d789e3f6062c0c259a82bfb8dff5d273e539d2"},
]

[package.dependencies]
tzdata = "*"

[[package]]
name = "tzdata"
version = "2025.3"
description = "Provider of IANA time zone data"
optional = false
python-versions = ">=2"
groups = ["main"]
files = [
    {file = "tzdata-2025.3-py2.py3-none-any.whl", hash = "sha256:06a47e5700f3081aab02b2e513160914ff0694bce9947d6b76ebd6bf57cfc5d1"},
    {file = "tzdata-2025.3.tar.gz", hash = "sha256:de39c2ca5dc7b0344f2eba86f49d614019d29f060fc4ebc8a417896a620b56a7"},
]

[metadata]
lock-version = "2.1"
python-versions = "^3.13"
content-hash = "ebc5cbaafa2986b94a168002baec2f717fd7faa92483a4f5de638d32fd6cc28b"
